{
  "version": 4,
  "terraform_version": "1.2.1",
  "serial": 19,
  "lineage": "07ec3ed0-0a4c-bbcf-f91b-79b5833f35e5",
  "outputs": {
    "develop_git_url": {
      "value": "https://git.heroku.com/terraform-rock-heroku-develop.git",
      "type": "string"
    },
    "develop_web_url": {
      "value": "https://terraform-rock-heroku-develop.herokuapp.com/",
      "type": "string"
    },
    "production_git_url": {
      "value": "https://git.heroku.com/terraform-rock-heroku-prod.git",
      "type": "string"
    },
    "production_web_url": {
      "value": "https://terraform-rock-heroku-prod.herokuapp.com/",
      "type": "string"
    },
    "staging_git_url": {
      "value": "https://git.heroku.com/terraform-rock-heroku-staging.git",
      "type": "string"
    },
    "staging_web_url": {
      "value": "https://terraform-rock-heroku-staging.herokuapp.com/",
      "type": "string"
    }
  },
  "resources": [
    {
      "mode": "managed",
      "type": "heroku_addon",
      "name": "develop",
      "provider": "provider[\"registry.terraform.io/heroku/heroku\"]",
      "instances": [
        {
          "schema_version": 3,
          "attributes": {
            "app_id": "7c5b7d48-290e-4dcd-845e-8d8580bbc07e",
            "config": null,
            "config_var_values": {
              "DATABASE_URL": "postgres://euwbwarqttqlsu:606a3e1d23ad30bbd3781c9c802d18f258beec71b0802fb08242962bfb206182@ec2-3-219-229-143.compute-1.amazonaws.com:5432/dcak1smfidvk47"
            },
            "config_vars": [
              "DATABASE_URL"
            ],
            "id": "af6f7b3e-cdd7-4a73-bc23-1db63868d763",
            "name": "postgresql-adjacent-57491",
            "plan": "heroku-postgresql:hobby-dev",
            "provider_id": "28330290"
          },
          "sensitive_attributes": [],
          "private": "eyJzY2hlbWFfdmVyc2lvbiI6IjMifQ==",
          "dependencies": [
            "heroku_app.develop"
          ]
        }
      ]
    },
    {
      "mode": "managed",
      "type": "heroku_addon",
      "name": "production",
      "provider": "provider[\"registry.terraform.io/heroku/heroku\"]",
      "instances": [
        {
          "schema_version": 3,
          "attributes": {
            "app_id": "717068ef-593a-4aae-bcf5-b658fb546205",
            "config": null,
            "config_var_values": {
              "DATABASE_URL": "postgres://kcdbwzokhwmrmr:1fa94f2944c76624bcb910b36743070b3fcb704e0320f04504d0436f4fdac1f2@ec2-3-219-229-143.compute-1.amazonaws.com:5432/dd65s7ddbpndau"
            },
            "config_vars": [
              "DATABASE_URL"
            ],
            "id": "1b971958-d412-4dfe-9b85-134fa23b0f2f",
            "name": "postgresql-perpendicular-02586",
            "plan": "heroku-postgresql:hobby-dev",
            "provider_id": "28330289"
          },
          "sensitive_attributes": [],
          "private": "eyJzY2hlbWFfdmVyc2lvbiI6IjMifQ==",
          "dependencies": [
            "heroku_app.production"
          ]
        }
      ]
    },
    {
      "mode": "managed",
      "type": "heroku_addon",
      "name": "staging",
      "provider": "provider[\"registry.terraform.io/heroku/heroku\"]",
      "instances": [
        {
          "schema_version": 3,
          "attributes": {
            "app_id": "c52862ea-d74c-4728-8b5a-1f414165df1a",
            "config": null,
            "config_var_values": {
              "DATABASE_URL": "postgres://ljztrbwqcgaetu:190bfe43c265e605682c9bc5cc73ccdfbc2e3fdd3e3676ebbcd548a49e233c7c@ec2-3-219-229-143.compute-1.amazonaws.com:5432/dbej1qm287bkd9"
            },
            "config_vars": [
              "DATABASE_URL"
            ],
            "id": "77b12f09-3c69-4613-afa2-9e2951a27cf4",
            "name": "postgresql-closed-52500",
            "plan": "heroku-postgresql:hobby-dev",
            "provider_id": "28330291"
          },
          "sensitive_attributes": [],
          "private": "eyJzY2hlbWFfdmVyc2lvbiI6IjMifQ==",
          "dependencies": [
            "heroku_app.staging"
          ]
        }
      ]
    },
    {
      "mode": "managed",
      "type": "heroku_app",
      "name": "develop",
      "provider": "provider[\"registry.terraform.io/heroku/heroku\"]",
      "instances": [
        {
          "schema_version": 1,
          "attributes": {
            "acm": false,
            "all_config_vars": {
              "APP_ENV": "develop",
              "DATABASE_URL": "postgres://euwbwarqttqlsu:606a3e1d23ad30bbd3781c9c802d18f258beec71b0802fb08242962bfb206182@ec2-3-219-229-143.compute-1.amazonaws.com:5432/dcak1smfidvk47"
            },
            "buildpacks": [
              "heroku/go"
            ],
            "config_vars": {
              "APP_ENV": "develop"
            },
            "git_url": "https://git.heroku.com/terraform-rock-heroku-develop.git",
            "heroku_hostname": "terraform-rock-heroku-develop.herokuapp.com",
            "id": "7c5b7d48-290e-4dcd-845e-8d8580bbc07e",
            "internal_routing": false,
            "name": "terraform-rock-heroku-develop",
            "organization": [],
            "region": "us",
            "sensitive_config_vars": {},
            "space": null,
            "stack": "heroku-20",
            "uuid": "7c5b7d48-290e-4dcd-845e-8d8580bbc07e",
            "web_url": "https://terraform-rock-heroku-develop.herokuapp.com/"
          },
          "sensitive_attributes": [],
          "private": "eyJzY2hlbWFfdmVyc2lvbiI6IjEifQ=="
        }
      ]
    },
    {
      "mode": "managed",
      "type": "heroku_app",
      "name": "production",
      "provider": "provider[\"registry.terraform.io/heroku/heroku\"]",
      "instances": [
        {
          "schema_version": 1,
          "attributes": {
            "acm": false,
            "all_config_vars": {
              "APP_ENV": "production",
              "DATABASE_URL": "postgres://kcdbwzokhwmrmr:1fa94f2944c76624bcb910b36743070b3fcb704e0320f04504d0436f4fdac1f2@ec2-3-219-229-143.compute-1.amazonaws.com:5432/dd65s7ddbpndau"
            },
            "buildpacks": [
              "heroku/go"
            ],
            "config_vars": {
              "APP_ENV": "production"
            },
            "git_url": "https://git.heroku.com/terraform-rock-heroku-prod.git",
            "heroku_hostname": "terraform-rock-heroku-prod.herokuapp.com",
            "id": "717068ef-593a-4aae-bcf5-b658fb546205",
            "internal_routing": false,
            "name": "terraform-rock-heroku-prod",
            "organization": [],
            "region": "us",
            "sensitive_config_vars": {},
            "space": null,
            "stack": "heroku-20",
            "uuid": "717068ef-593a-4aae-bcf5-b658fb546205",
            "web_url": "https://terraform-rock-heroku-prod.herokuapp.com/"
          },
          "sensitive_attributes": [],
          "private": "eyJzY2hlbWFfdmVyc2lvbiI6IjEifQ=="
        }
      ]
    },
    {
      "mode": "managed",
      "type": "heroku_app",
      "name": "staging",
      "provider": "provider[\"registry.terraform.io/heroku/heroku\"]",
      "instances": [
        {
          "schema_version": 1,
          "attributes": {
            "acm": false,
            "all_config_vars": {
              "APP_ENV": "staging",
              "DATABASE_URL": "postgres://ljztrbwqcgaetu:190bfe43c265e605682c9bc5cc73ccdfbc2e3fdd3e3676ebbcd548a49e233c7c@ec2-3-219-229-143.compute-1.amazonaws.com:5432/dbej1qm287bkd9"
            },
            "buildpacks": [
              "heroku/go"
            ],
            "config_vars": {
              "APP_ENV": "staging"
            },
            "git_url": "https://git.heroku.com/terraform-rock-heroku-staging.git",
            "heroku_hostname": "terraform-rock-heroku-staging.herokuapp.com",
            "id": "c52862ea-d74c-4728-8b5a-1f414165df1a",
            "internal_routing": false,
            "name": "terraform-rock-heroku-staging",
            "organization": [],
            "region": "us",
            "sensitive_config_vars": {},
            "space": null,
            "stack": "heroku-20",
            "uuid": "c52862ea-d74c-4728-8b5a-1f414165df1a",
            "web_url": "https://terraform-rock-heroku-staging.herokuapp.com/"
          },
          "sensitive_attributes": [],
          "private": "eyJzY2hlbWFfdmVyc2lvbiI6IjEifQ=="
        }
      ]
    }
  ]
}
